// !$*UTF8*$!
{
	archiveVersion = 1;
	classes = {
	};
	objectVersion = 50;
	objects = {

/* Begin PBXBuildFile section */
		BA85008B23BA0C5900384E29 /* AppDelegate.swift in Sources */ = {isa = PBXBuildFile; fileRef = BA85008A23BA0C5900384E29 /* AppDelegate.swift */; };
		BA85009223BA0C5900384E29 /* Main.storyboard in Resources */ = {isa = PBXBuildFile; fileRef = BA85009023BA0C5900384E29 /* Main.storyboard */; };
		BA85009423BA0C5C00384E29 /* Assets.xcassets in Resources */ = {isa = PBXBuildFile; fileRef = BA85009323BA0C5C00384E29 /* Assets.xcassets */; };
		BA85009723BA0C5C00384E29 /* LaunchScreen.storyboard in Resources */ = {isa = PBXBuildFile; fileRef = BA85009523BA0C5C00384E29 /* LaunchScreen.storyboard */; };
		BA8500A223BA0CC900384E29 /* StagesViewController.swift in Sources */ = {isa = PBXBuildFile; fileRef = BA8500A123BA0CC900384E29 /* StagesViewController.swift */; };
		BA8500A423BA0CDC00384E29 /* StageDetailViewController.swift in Sources */ = {isa = PBXBuildFile; fileRef = BA8500A323BA0CDC00384E29 /* StageDetailViewController.swift */; };
		BA8500A623BA0CE800384E29 /* ViewControllers.swift in Sources */ = {isa = PBXBuildFile; fileRef = BA8500A523BA0CE800384E29 /* ViewControllers.swift */; };
		BA8500A923BA0D2800384E29 /* TableViewCells.swift in Sources */ = {isa = PBXBuildFile; fileRef = BA8500A823BA0D2800384E29 /* TableViewCells.swift */; };
		BA8500AB23BA0D4500384E29 /* APIs.swift in Sources */ = {isa = PBXBuildFile; fileRef = BA8500AA23BA0D4500384E29 /* APIs.swift */; };
		BA8500AD23BA0D5100384E29 /* Stages.json in Resources */ = {isa = PBXBuildFile; fileRef = BA8500AC23BA0D5100384E29 /* Stages.json */; };
		BA8500AF23BA0D7300384E29 /* APIManager.swift in Sources */ = {isa = PBXBuildFile; fileRef = BA8500AE23BA0D7300384E29 /* APIManager.swift */; };
		BA8500B123BA0D8800384E29 /* Weapon.swift in Sources */ = {isa = PBXBuildFile; fileRef = BA8500B023BA0D8800384E29 /* Weapon.swift */; };
		BA8500B323BA0D9D00384E29 /* Stage.swift in Sources */ = {isa = PBXBuildFile; fileRef = BA8500B223BA0D9D00384E29 /* Stage.swift */; };
		BA8500B523BA0DB100384E29 /* Constants.swift in Sources */ = {isa = PBXBuildFile; fileRef = BA8500B423BA0DB100384E29 /* Constants.swift */; };
		BA8500B723BA0DB800384E29 /* Extensions.swift in Sources */ = {isa = PBXBuildFile; fileRef = BA8500B623BA0DB800384E29 /* Extensions.swift */; };
/* End PBXBuildFile section */

/* Begin PBXFileReference section */
		BA85008723BA0C5900384E29 /* SplatoonStages.app */ = {isa = PBXFileReference; explicitFileType = wrapper.application; includeInIndex = 0; path = SplatoonStages.app; sourceTree = BUILT_PRODUCTS_DIR; };
		BA85008A23BA0C5900384E29 /* AppDelegate.swift */ = {isa = PBXFileReference; lastKnownFileType = sourcecode.swift; path = AppDelegate.swift; sourceTree = "<group>"; };
		BA85009123BA0C5900384E29 /* Base */ = {isa = PBXFileReference; lastKnownFileType = file.storyboard; name = Base; path = Base.lproj/Main.storyboard; sourceTree = "<group>"; };
		BA85009323BA0C5C00384E29 /* Assets.xcassets */ = {isa = PBXFileReference; lastKnownFileType = folder.assetcatalog; path = Assets.xcassets; sourceTree = "<group>"; };
		BA85009623BA0C5C00384E29 /* Base */ = {isa = PBXFileReference; lastKnownFileType = file.storyboard; name = Base; path = Base.lproj/LaunchScreen.storyboard; sourceTree = "<group>"; };
		BA85009823BA0C5C00384E29 /* Info.plist */ = {isa = PBXFileReference; lastKnownFileType = text.plist.xml; path = Info.plist; sourceTree = "<group>"; };
		BA8500A123BA0CC900384E29 /* StagesViewController.swift */ = {isa = PBXFileReference; lastKnownFileType = sourcecode.swift; path = StagesViewController.swift; sourceTree = "<group>"; };
		BA8500A323BA0CDC00384E29 /* StageDetailViewController.swift */ = {isa = PBXFileReference; lastKnownFileType = sourcecode.swift; path = StageDetailViewController.swift; sourceTree = "<group>"; };
		BA8500A523BA0CE800384E29 /* ViewControllers.swift */ = {isa = PBXFileReference; lastKnownFileType = sourcecode.swift; path = ViewControllers.swift; sourceTree = "<group>"; };
		BA8500A823BA0D2800384E29 /* TableViewCells.swift */ = {isa = PBXFileReference; lastKnownFileType = sourcecode.swift; path = TableViewCells.swift; sourceTree = "<group>"; };
		BA8500AA23BA0D4500384E29 /* APIs.swift */ = {isa = PBXFileReference; lastKnownFileType = sourcecode.swift; path = APIs.swift; sourceTree = "<group>"; };
		BA8500AC23BA0D5100384E29 /* Stages.json */ = {isa = PBXFileReference; lastKnownFileType = text.json; path = Stages.json; sourceTree = "<group>"; };
		BA8500AE23BA0D7300384E29 /* APIManager.swift */ = {isa = PBXFileReference; lastKnownFileType = sourcecode.swift; path = APIManager.swift; sourceTree = "<group>"; };
		BA8500B023BA0D8800384E29 /* Weapon.swift */ = {isa = PBXFileReference; lastKnownFileType = sourcecode.swift; path = Weapon.swift; sourceTree = "<group>"; };
		BA8500B223BA0D9D00384E29 /* Stage.swift */ = {isa = PBXFileReference; lastKnownFileType = sourcecode.swift; path = Stage.swift; sourceTree = "<group>"; };
		BA8500B423BA0DB100384E29 /* Constants.swift */ = {isa = PBXFileReference; lastKnownFileType = sourcecode.swift; path = Constants.swift; sourceTree = "<group>"; };
		BA8500B623BA0DB800384E29 /* Extensions.swift */ = {isa = PBXFileReference; lastKnownFileType = sourcecode.swift; path = Extensions.swift; sourceTree = "<group>"; };
/* End PBXFileReference section */

/* Begin PBXFrameworksBuildPhase section */
		BA85008423BA0C5900384E29 /* Frameworks */ = {
			isa = PBXFrameworksBuildPhase;
			buildActionMask = 2147483647;
			files = (
			);
			runOnlyForDeploymentPostprocessing = 0;
		};
/* End PBXFrameworksBuildPhase section */

/* Begin PBXGroup section */
		BA85007E23BA0C5900384E29 = {
			isa = PBXGroup;
			children = (
				BA85008923BA0C5900384E29 /* SplatoonStages */,
				BA85008823BA0C5900384E29 /* Products */,
			);
			sourceTree = "<group>";
		};
		BA85008823BA0C5900384E29 /* Products */ = {
			isa = PBXGroup;
			children = (
				BA85008723BA0C5900384E29 /* SplatoonStages.app */,
			);
			name = Products;
			sourceTree = "<group>";
		};
		BA85008923BA0C5900384E29 /* SplatoonStages */ = {
			isa = PBXGroup;
			children = (
				BA85009823BA0C5C00384E29 /* Info.plist */,
				BA85008A23BA0C5900384E29 /* AppDelegate.swift */,
				BA85009F23BA0CA500384E29 /* Views */,
				BA85009E23BA0C9A00384E29 /* ViewControllers */,
				BA8500A723BA0D1200384E29 /* Models */,
				BA8500A023BA0CAF00384E29 /* Resources */,
			);
			path = SplatoonStages;
			sourceTree = "<group>";
		};
		BA85009E23BA0C9A00384E29 /* ViewControllers */ = {
			isa = PBXGroup;
			children = (
				BA8500A123BA0CC900384E29 /* StagesViewController.swift */,
				BA8500A323BA0CDC00384E29 /* StageDetailViewController.swift */,
				BA8500A523BA0CE800384E29 /* ViewControllers.swift */,
			);
			path = ViewControllers;
			sourceTree = "<group>";
		};
		BA85009F23BA0CA500384E29 /* Views */ = {
			isa = PBXGroup;
			children = (
				BA85009023BA0C5900384E29 /* Main.storyboard */,
				BA85009523BA0C5C00384E29 /* LaunchScreen.storyboard */,
				BA8500A823BA0D2800384E29 /* TableViewCells.swift */,
			);
			path = Views;
			sourceTree = "<group>";
		};
		BA8500A023BA0CAF00384E29 /* Resources */ = {
			isa = PBXGroup;
			children = (
				BA85009323BA0C5C00384E29 /* Assets.xcassets */,
				BA8500B423BA0DB100384E29 /* Constants.swift */,
				BA8500B623BA0DB800384E29 /* Extensions.swift */,
			);
			path = Resources;
			sourceTree = "<group>";
		};
		BA8500A723BA0D1200384E29 /* Models */ = {
			isa = PBXGroup;
			children = (
				BA8500AA23BA0D4500384E29 /* APIs.swift */,
				BA8500AC23BA0D5100384E29 /* Stages.json */,
				BA8500AE23BA0D7300384E29 /* APIManager.swift */,
				BA8500B023BA0D8800384E29 /* Weapon.swift */,
				BA8500B223BA0D9D00384E29 /* Stage.swift */,
			);
			path = Models;
			sourceTree = "<group>";
		};
/* End PBXGroup section */

/* Begin PBXNativeTarget section */
		BA85008623BA0C5900384E29 /* SplatoonStages */ = {
			isa = PBXNativeTarget;
			buildConfigurationList = BA85009B23BA0C5C00384E29 /* Build configuration list for PBXNativeTarget "SplatoonStages" */;
			buildPhases = (
				BA85008323BA0C5900384E29 /* Sources */,
				BA85008423BA0C5900384E29 /* Frameworks */,
				BA85008523BA0C5900384E29 /* Resources */,
			);
			buildRules = (
			);
			dependencies = (
			);
			name = SplatoonStages;
			productName = SplatoonStages;
			productReference = BA85008723BA0C5900384E29 /* SplatoonStages.app */;
			productType = "com.apple.product-type.application";
		};
/* End PBXNativeTarget section */

/* Begin PBXProject section */
		BA85007F23BA0C5900384E29 /* Project object */ = {
			isa = PBXProject;
			attributes = {
				LastSwiftUpdateCheck = 1130;
				LastUpgradeCheck = 1130;
				ORGANIZATIONNAME = "Jeongsik Lee";
				TargetAttributes = {
					BA85008623BA0C5900384E29 = {
						CreatedOnToolsVersion = 11.3;
					};
				};
			};
			buildConfigurationList = BA85008223BA0C5900384E29 /* Build configuration list for PBXProject "SplatoonStages" */;
			compatibilityVersion = "Xcode 9.3";
			developmentRegion = en;
			hasScannedForEncodings = 0;
			knownRegions = (
				en,
				Base,
			);
			mainGroup = BA85007E23BA0C5900384E29;
			productRefGroup = BA85008823BA0C5900384E29 /* Products */;
			projectDirPath = "";
			projectRoot = "";
			targets = (
				BA85008623BA0C5900384E29 /* SplatoonStages */,
			);
		};
/* End PBXProject section */

/* Begin PBXResourcesBuildPhase section */
		BA85008523BA0C5900384E29 /* Resources */ = {
			isa = PBXResourcesBuildPhase;
			buildActionMask = 2147483647;
			files = (
				BA85009723BA0C5C00384E29 /* LaunchScreen.storyboard in Resources */,
				BA85009423BA0C5C00384E29 /* Assets.xcassets in Resources */,
				BA8500AD23BA0D5100384E29 /* Stages.json in Resources */,
				BA85009223BA0C5900384E29 /* Main.storyboard in Resources */,
			);
			runOnlyForDeploymentPostprocessing = 0;
		};
/* End PBXResourcesBuildPhase section */

/* Begin PBXSourcesBuildPhase section */
		BA85008323BA0C5900384E29 /* Sources */ = {
			isa = PBXSourcesBuildPhase;
			buildActionMask = 2147483647;
			files = (
				BA8500A423BA0CDC00384E29 /* StageDetailViewController.swift in Sources */,
				BA8500B123BA0D8800384E29 /* Weapon.swift in Sources */,
				BA85008B23BA0C5900384E29 /* AppDelegate.swift in Sources */,
				BA8500B323BA0D9D00384E29 /* Stage.swift in Sources */,
				BA8500A623BA0CE800384E29 /* ViewControllers.swift in Sources */,
				BA8500B523BA0DB100384E29 /* Constants.swift in Sources */,
				BA8500A923BA0D2800384E29 /* TableViewCells.swift in Sources */,
				BA8500AB23BA0D4500384E29 /* APIs.swift in Sources */,
				BA8500A223BA0CC900384E29 /* StagesViewController.swift in Sources */,
				BA8500B723BA0DB800384E29 /* Extensions.swift in Sources */,
				BA8500AF23BA0D7300384E29 /* APIManager.swift in Sources */,
			);
			runOnlyForDeploymentPostprocessing = 0;
		};
/* End PBXSourcesBuildPhase section */

/* Begin PBXVariantGroup section */
		BA85009023BA0C5900384E29 /* Main.storyboard */ = {
			isa = PBXVariantGroup;
			children = (
				BA85009123BA0C5900384E29 /* Base */,
			);
			name = Main.storyboard;
			sourceTree = "<group>";
		};
		BA85009523BA0C5C00384E29 /* LaunchScreen.storyboard */ = {
			isa = PBXVariantGroup;
			children = (
				BA85009623BA0C5C00384E29 /* Base */,
			);
			name = LaunchScreen.storyboard;
			sourceTree = "<group>";
		};
/* End PBXVariantGroup section */

/* Begin XCBuildConfiguration section */
		BA85009923BA0C5C00384E29 /* Debug */ = {
			isa = XCBuildConfiguration;
			buildSettings = {
				ALWAYS_SEARCH_USER_PATHS = NO;
				CLANG_ANALYZER_NONNULL = YES;
				CLANG_ANALYZER_NUMBER_OBJECT_CONVERSION = YES_AGGRESSIVE;
				CLANG_CXX_LANGUAGE_STANDARD = "gnu++14";
				CLANG_CXX_LIBRARY = "libc++";
				CLANG_ENABLE_MODULES = YES;
				CLANG_ENABLE_OBJC_ARC = YES;
				CLANG_ENABLE_OBJC_WEAK = YES;
				CLANG_WARN_BLOCK_CAPTURE_AUTORELEASING = YES;
				CLANG_WARN_BOOL_CONVERSION = YES;
				CLANG_WARN_COMMA = YES;
				CLANG_WARN_CONSTANT_CONVERSION = YES;
				CLANG_WARN_DEPRECATED_OBJC_IMPLEMENTATIONS = YES;
				CLANG_WARN_DIRECT_OBJC_ISA_USAGE = YES_ERROR;
				CLANG_WARN_DOCUMENTATION_COMMENTS = YES;
				CLANG_WARN_EMPTY_BODY = YES;
				CLANG_WARN_ENUM_CONVERSION = YES;
				CLANG_WARN_INFINITE_RECURSION = YES;
				CLANG_WARN_INT_CONVERSION = YES;
				CLANG_WARN_NON_LITERAL_NULL_CONVERSION = YES;
				CLANG_WARN_OBJC_IMPLICIT_RETAIN_SELF = YES;
				CLANG_WARN_OBJC_LITERAL_CONVERSION = YES;
				CLANG_WARN_OBJC_ROOT_CLASS = YES_ERROR;
				CLANG_WARN_RANGE_LOOP_ANALYSIS = YES;
				CLANG_WARN_STRICT_PROTOTYPES = YES;
				CLANG_WARN_SUSPICIOUS_MOVE = YES;
				CLANG_WARN_UNGUARDED_AVAILABILITY = YES_AGGRESSIVE;
				CLANG_WARN_UNREACHABLE_CODE = YES;
				CLANG_WARN__DUPLICATE_METHOD_MATCH = YES;
				COPY_PHASE_STRIP = NO;
				DEBUG_INFORMATION_FORMAT = dwarf;
				ENABLE_STRICT_OBJC_MSGSEND = YES;
				ENABLE_TESTABILITY = YES;
				GCC_C_LANGUAGE_STANDARD = gnu11;
				GCC_DYNAMIC_NO_PIC = NO;
				GCC_NO_COMMON_BLOCKS = YES;
				GCC_OPTIMIZATION_LEVEL = 0;
				GCC_PREPROCESSOR_DEFINITIONS = (
					"DEBUG=1",
					"$(inherited)",
				);
				GCC_WARN_64_TO_32_BIT_CONVERSION = YES;
				GCC_WARN_ABOUT_RETURN_TYPE = YES_ERROR;
				GCC_WARN_UNDECLARED_SELECTOR = YES;
				GCC_WARN_UNINITIALIZED_AUTOS = YES_AGGRESSIVE;
				GCC_WARN_UNUSED_FUNCTION = YES;
				GCC_WARN_UNUSED_VARIABLE = YES;
				IPHONEOS_DEPLOYMENT_TARGET = 13.2;
				MTL_ENABLE_DEBUG_INFO = INCLUDE_SOURCE;
				MTL_FAST_MATH = YES;
				ONLY_ACTIVE_ARCH = YES;
				SDKROOT = iphoneos;
				SWIFT_ACTIVE_COMPILATION_CONDITIONS = DEBUG;
				SWIFT_OPTIMIZATION_LEVEL = "-Onone";
			};
			name = Debug;
		};
		BA85009A23BA0C5C00384E29 /* Release */ = {
			isa = XCBuildConfiguration;
			buildSettings = {
				ALWAYS_SEARCH_USER_PATHS = NO;
				CLANG_ANALYZER_NONNULL = YES;
				CLANG_ANALYZER_NUMBER_OBJECT_CONVERSION = YES_AGGRESSIVE;
				CLANG_CXX_LANGUAGE_STANDARD = "gnu++14";
				CLANG_CXX_LIBRARY = "libc++";
				CLANG_ENABLE_MODULES = YES;
				CLANG_ENABLE_OBJC_ARC = YES;
				CLANG_ENABLE_OBJC_WEAK = YES;
				CLANG_WARN_BLOCK_CAPTURE_AUTORELEASING = YES;
				CLANG_WARN_BOOL_CONVERSION = YES;
				CLANG_WARN_COMMA = YES;
				CLANG_WARN_CONSTANT_CONVERSION = YES;
				CLANG_WARN_DEPRECATED_OBJC_IMPLEMENTATIONS = YES;
				CLANG_WARN_DIRECT_OBJC_ISA_USAGE = YES_ERROR;
				CLANG_WARN_DOCUMENTATION_COMMENTS = YES;
				CLANG_WARN_EMPTY_BODY = YES;
				CLANG_WARN_ENUM_CONVERSION = YES;
				CLANG_WARN_INFINITE_RECURSION = YES;
				CLANG_WARN_INT_CONVERSION = YES;
				CLANG_WARN_NON_LITERAL_NULL_CONVERSION = YES;
				CLANG_WARN_OBJC_IMPLICIT_RETAIN_SELF = YES;
				CLANG_WARN_OBJC_LITERAL_CONVERSION = YES;
				CLANG_WARN_OBJC_ROOT_CLASS = YES_ERROR;
				CLANG_WARN_RANGE_LOOP_ANALYSIS = YES;
				CLANG_WARN_STRICT_PROTOTYPES = YES;
				CLANG_WARN_SUSPICIOUS_MOVE = YES;
				CLANG_WARN_UNGUARDED_AVAILABILITY = YES_AGGRESSIVE;
				CLANG_WARN_UNREACHABLE_CODE = YES;
				CLANG_WARN__DUPLICATE_METHOD_MATCH = YES;
				COPY_PHASE_STRIP = NO;
				DEBUG_INFORMATION_FORMAT = "dwarf-with-dsym";
				ENABLE_NS_ASSERTIONS = NO;
				ENABLE_STRICT_OBJC_MSGSEND = YES;
				GCC_C_LANGUAGE_STANDARD = gnu11;
				GCC_NO_COMMON_BLOCKS = YES;
				GCC_WARN_64_TO_32_BIT_CONVERSION = YES;
				GCC_WARN_ABOUT_RETURN_TYPE = YES_ERROR;
				GCC_WARN_UNDECLARED_SELECTOR = YES;
				GCC_WARN_UNINITIALIZED_AUTOS = YES_AGGRESSIVE;
				GCC_WARN_UNUSED_FUNCTION = YES;
				GCC_WARN_UNUSED_VARIABLE = YES;
				IPHONEOS_DEPLOYMENT_TARGET = 13.2;
				MTL_ENABLE_DEBUG_INFO = NO;
				MTL_FAST_MATH = YES;
				SDKROOT = iphoneos;
				SWIFT_COMPILATION_MODE = wholemodule;
				SWIFT_OPTIMIZATION_LEVEL = "-O";
				VALIDATE_PRODUCT = YES;
			};
			name = Release;
		};
		BA85009C23BA0C5C00384E29 /* Debug */ = {
			isa = XCBuildConfiguration;
			buildSettings = {
				ASSETCATALOG_COMPILER_APPICON_NAME = AppIcon;
				CODE_SIGN_STYLE = Automatic;
				DEVELOPMENT_TEAM = S4PQJQTV7S;
				INFOPLIST_FILE = SplatoonStages/Info.plist;
				LD_RUNPATH_SEARCH_PATHS = (
					"$(inherited)",
					"@executable_path/Frameworks",
				);
				PRODUCT_BUNDLE_IDENTIFIER = com.jeongsik.lee.SplatoonStages;
				PRODUCT_NAME = "$(TARGET_NAME)";
				SWIFT_VERSION = 5.0;
				TARGETED_DEVICE_FAMILY = "1,2";
			};
			name = Debug;
		};
		BA85009D23BA0C5C00384E29 /* Release */ = {
			isa = XCBuildConfiguration;
			buildSettings = {
				ASSETCATALOG_COMPILER_APPICON_NAME = AppIcon;
				CODE_SIGN_STYLE = Automatic;
				DEVELOPMENT_TEAM = S4PQJQTV7S;
				INFOPLIST_FILE = SplatoonStages/Info.plist;
				LD_RUNPATH_SEARCH_PATHS = (
					"$(inherited)",
					"@executable_path/Frameworks",
				);
				PRODUCT_BUNDLE_IDENTIFIER = com.jeongsik.lee.SplatoonStages;
				PRODUCT_NAME = "$(TARGET_NAME)";
				SWIFT_VERSION = 5.0;
				TARGETED_DEVICE_FAMILY = "1,2";
			};
			name = Release;
		};
/* End XCBuildConfiguration section */

/* Begin XCConfigurationList section */
		BA85008223BA0C5900384E29 /* Build configuration list for PBXProject "SplatoonStages" */ = {
			isa = XCConfigurationList;
			buildConfigurations = (
				BA85009923BA0C5C00384E29 /* Debug */,
				BA85009A23BA0C5C00384E29 /* Release */,
			);
			defaultConfigurationIsVisible = 0;
			defaultConfigurationName = Release;
		};
		BA85009B23BA0C5C00384E29 /* Build configuration list for PBXNativeTarget "SplatoonStages" */ = {
			isa = XCConfigurationList;
			buildConfigurations = (
				BA85009C23BA0C5C00384E29 /* Debug */,
				BA85009D23BA0C5C00384E29 /* Release */,
			);
			defaultConfigurationIsVisible = 0;
			defaultConfigurationName = Release;
		};
/* End XCConfigurationList section */
	};
	rootObject = BA85007F23BA0C5900384E29 /* Project object */;
}
